# generated by rye
# use `rye lock` or `rye sync` to update this lockfile
#
# last locked with the following flags:
#   pre: false
#   features: ["farcaster"]
#   all-features: false
#   with-sources: false
#   generate-hashes: false
#   universal: false

-e file:.
ably==2.0.12
    # via eve
aiofiles==24.1.0
    # via eve
aiohappyeyeballs==2.6.1
    # via aiohttp
aiohttp==3.12.14
    # via instructor
    # via litellm
    # via modal
    # via py-cord
    # via web3
aiosignal==1.4.0
    # via aiohttp
annotated-types==0.7.0
    # via pydantic
anthropic==0.74.1
    # via eve
anyio==4.9.0
    # via anthropic
    # via google-genai
    # via httpx
    # via langfuse
    # via mcp
    # via openai
    # via runwayml
    # via sse-starlette
    # via starlette
    # via watchfiles
apscheduler==3.11.0
    # via eve
attrs==25.3.0
    # via aiohttp
    # via igittigitt
    # via jsonschema
    # via referencing
    # via sigtools
awacs==2.5.0
    # via runway
aws-sam-translator==1.100.0
    # via cfn-lint
babel==2.17.0
    # via mkdocs-material
backoff==2.2.1
    # via langfuse
    # via posthog
backrefs==5.9
    # via mkdocs-material
beanie==1.22.6
    # via eve
bitarray==3.5.2
    # via eth-account
blurhash==1.1.4
    # via eve
boto3==1.40.66
    # via aws-sam-translator
    # via eve
    # via graphiti-core
    # via langchain-aws
    # via runway
botocore==1.40.66
    # via boto3
    # via s3transfer
bracex==2.6
    # via wcmatch
cachetools==5.5.2
    # via google-auth
canonicaljson==2.0.0
    # via farcaster
certifi==2025.7.14
    # via httpcore
    # via httpx
    # via modal
    # via opensearch-py
    # via requests
    # via sentry-sdk
cffi==1.17.1
    # via cryptography
cfgv==3.4.0
    # via pre-commit
cfn-flip==1.3.0
    # via runway
    # via troposphere
cfn-lint==1.39.1
    # via runway
charset-normalizer==3.4.2
    # via pdfminer-six
    # via requests
ckzg==2.1.1
    # via eth-account
clerk-backend-api==2.2.0
    # via eve
cli-exit-tools==1.2.7
    # via igittigitt
click==8.1.8
    # via beanie
    # via cfn-flip
    # via cli-exit-tools
    # via eve
    # via igittigitt
    # via litellm
    # via mkdocs
    # via mkdocs-material
    # via modal
    # via runway
    # via typer
    # via uvicorn
colorama==0.4.6
    # via eve
    # via mkdocs-material
coloredlogs==15.0
    # via runway
cryptography==44.0.3
    # via clerk-backend-api
    # via pdfminer-six
    # via pyopenssl
cytoolz==1.0.1
    # via eth-utils
decorator==5.2.1
    # via moviepy
diskcache==5.6.3
    # via graphiti-core
distlib==0.4.0
    # via virtualenv
distro==1.9.0
    # via anthropic
    # via openai
    # via posthog
    # via runwayml
dnspython==2.7.0
    # via pymongo
docker==7.1.0
    # via runway
docstring-parser==0.17.0
    # via anthropic
    # via google-cloud-aiplatform
    # via instructor
elevenlabs==2.10.0
    # via eve
eth-abi==5.2.0
    # via eth-account
    # via web3
eth-account==0.13.7
    # via eve
    # via farcaster
    # via web3
eth-hash==0.7.1
    # via eth-utils
    # via web3
eth-keyfile==0.8.1
    # via eth-account
eth-keys==0.7.0
    # via eth-account
    # via eth-keyfile
eth-rlp==2.2.0
    # via eth-account
eth-typing==5.2.1
    # via eth-abi
    # via eth-keys
    # via eth-utils
    # via web3
eth-utils==5.3.0
    # via eth-abi
    # via eth-account
    # via eth-keyfile
    # via eth-keys
    # via eth-rlp
    # via rlp
    # via web3
events==0.5
    # via opensearch-py
fal-client==0.5.9
    # via eve
falkordb==1.2.0
    # via graphiti-core
farcaster==0.7.12
    # via eve
fastapi==0.116.1
    # via eve
fastuuid==0.13.5
    # via litellm
filelock==3.18.0
    # via huggingface-hub
    # via torch
    # via transformers
    # via virtualenv
formic2==1.0.3
    # via runway
frozenlist==1.7.0
    # via aiohttp
    # via aiosignal
fsspec==2025.7.0
    # via huggingface-hub
    # via torch
ghp-import==2.1.0
    # via mkdocs
gitdb==4.0.12
    # via gitpython
gitpython==3.1.44
    # via eve
    # via runway
google-api-core==2.25.1
    # via google-api-python-client
    # via google-cloud-aiplatform
    # via google-cloud-bigquery
    # via google-cloud-core
    # via google-cloud-resource-manager
    # via google-cloud-storage
google-api-python-client==2.187.0
    # via eve
google-auth==2.40.3
    # via eve
    # via google-api-core
    # via google-api-python-client
    # via google-auth-httplib2
    # via google-auth-oauthlib
    # via google-cloud-aiplatform
    # via google-cloud-bigquery
    # via google-cloud-core
    # via google-cloud-resource-manager
    # via google-cloud-storage
    # via google-genai
google-auth-httplib2==0.2.1
    # via google-api-python-client
google-auth-oauthlib==1.2.3
    # via eve
google-cloud-aiplatform==1.115.0
    # via eve
google-cloud-bigquery==3.35.0
    # via google-cloud-aiplatform
google-cloud-core==2.4.3
    # via google-cloud-bigquery
    # via google-cloud-storage
google-cloud-resource-manager==1.14.2
    # via google-cloud-aiplatform
google-cloud-storage==2.19.0
    # via google-cloud-aiplatform
google-crc32c==1.7.1
    # via google-cloud-storage
    # via google-resumable-media
google-genai==1.52.0
    # via eve
    # via google-cloud-aiplatform
google-resumable-media==2.7.2
    # via google-cloud-bigquery
    # via google-cloud-storage
googleapis-common-protos==1.70.0
    # via google-api-core
    # via grpc-google-iam-v1
    # via grpcio-status
graphiti-core==0.22.0
    # via eve
grpc-google-iam-v1==0.14.2
    # via google-cloud-resource-manager
grpcio==1.73.1
    # via google-api-core
    # via googleapis-common-protos
    # via grpc-google-iam-v1
    # via grpcio-status
grpcio-status==1.73.1
    # via google-api-core
grpclib==0.4.8
    # via modal
h11==0.16.0
    # via httpcore
    # via uvicorn
h2==4.2.0
    # via ably
    # via grpclib
hexbytes==1.3.1
    # via eth-account
    # via eth-rlp
    # via web3
hf-xet==1.1.5
    # via huggingface-hub
hpack==4.1.0
    # via h2
httpcore==1.0.9
    # via httpx
httplib2==0.31.0
    # via google-api-python-client
    # via google-auth-httplib2
httpx==0.28.1
    # via ably
    # via anthropic
    # via clerk-backend-api
    # via elevenlabs
    # via eve
    # via fal-client
    # via google-genai
    # via langfuse
    # via langsmith
    # via litellm
    # via mcp
    # via openai
    # via python-telegram-bot
    # via replicate
    # via runwayml
httpx-sse==0.4.1
    # via fal-client
    # via mcp
huggingface-hub==0.35.3
    # via tokenizers
    # via transformers
humanfriendly==10.0
    # via coloredlogs
hyperframe==6.1.0
    # via h2
identify==2.6.12
    # via pre-commit
idna==3.10
    # via anyio
    # via httpx
    # via langfuse
    # via requests
    # via yarl
igittigitt==2.1.5
    # via runway
imageio==2.37.0
    # via moviepy
imageio-ffmpeg==0.6.0
    # via moviepy
importlib-metadata==8.7.0
    # via litellm
iniconfig==2.1.0
    # via pytest
instructor==1.9.2
    # via eve
isodate==0.7.2
    # via eve
jinja2==3.1.6
    # via instructor
    # via litellm
    # via mkdocs
    # via mkdocs-material
    # via runway
    # via torch
jiter==0.10.0
    # via anthropic
    # via instructor
    # via openai
jmespath==1.0.1
    # via boto3
    # via botocore
jsonpatch==1.33
    # via cfn-lint
    # via langchain-core
jsonpointer==3.0.0
    # via jsonpatch
jsonref==1.1.0
    # via eve
jsonschema==4.25.0
    # via aws-sam-translator
    # via litellm
    # via mcp
jsonschema-specifications==2025.4.1
    # via jsonschema
langchain-aws==0.2.35
    # via graphiti-core
langchain-core==0.3.79
    # via langchain-aws
langfuse==2.59.7
    # via eve
langsmith==0.4.41
    # via langchain-core
lark==1.2.2
    # via python-hcl2
lazy-model==0.2.0
    # via beanie
lib-detect-testenv==2.0.8
    # via cli-exit-tools
    # via igittigitt
litellm==1.77.7
    # via eve
loguru==0.7.3
    # via eve
markdown==3.9
    # via mkdocs
    # via mkdocs-material
    # via pymdown-extensions
markdown-it-py==3.0.0
    # via rich
markupsafe==3.0.2
    # via jinja2
    # via mkdocs
mcp==1.13.0
    # via eve
mdurl==0.1.2
    # via markdown-it-py
mergedeep==1.3.4
    # via mkdocs
    # via mkdocs-get-deps
methoddispatch==3.0.2
    # via ably
mkdocs==1.6.1
    # via instructor
    # via mkdocs-material
mkdocs-get-deps==0.2.0
    # via mkdocs
mkdocs-material==9.6.18
    # via instructor
mkdocs-material-extensions==1.3.1
    # via mkdocs-material
modal==1.1.0
    # via eve
motor==3.7.1
    # via beanie
    # via eve
moviepy==2.2.1
    # via eve
mpmath==1.3.0
    # via sympy
msgpack==1.1.1
    # via ably
multidict==6.6.3
    # via aiohttp
    # via grpclib
    # via yarl
neo4j==6.0.2
    # via graphiti-core
networkx==3.5
    # via cfn-lint
    # via torch
nodeenv==1.9.1
    # via pre-commit
    # via pyright
numpy==2.3.1
    # via eve
    # via graphiti-core
    # via imageio
    # via langchain-aws
    # via moviepy
    # via pylance
    # via shapely
    # via transformers
oauthlib==3.3.1
    # via requests-oauthlib
    # via tweepy
openai==1.99.9
    # via eve
    # via graphiti-core
    # via instructor
    # via litellm
opensearch-py==3.0.0
    # via graphiti-core
orjson==3.11.4
    # via langsmith
packaging==24.2
    # via google-cloud-aiplatform
    # via google-cloud-bigquery
    # via huggingface-hub
    # via langchain-core
    # via langfuse
    # via langsmith
    # via mkdocs
    # via pytest
    # via replicate
    # via runway
    # via transformers
paginate==0.5.7
    # via mkdocs-material
parsimonious==0.10.0
    # via eth-abi
    # via farcaster
pathspec==0.12.1
    # via mkdocs
    # via yamllint
pdfminer-six==20250506
    # via pdfplumber
pdfplumber==0.11.7
    # via eve
pillow==11.3.0
    # via eve
    # via imageio
    # via moviepy
    # via pdfplumber
platformdirs==4.3.8
    # via mkdocs-get-deps
    # via virtualenv
pluggy==1.6.0
    # via pytest
posthog==6.8.0
    # via graphiti-core
pre-commit==4.2.0
    # via instructor
proglog==0.1.12
    # via moviepy
propcache==0.3.2
    # via aiohttp
    # via yarl
proto-plus==1.26.1
    # via google-api-core
    # via google-cloud-aiplatform
    # via google-cloud-resource-manager
protobuf==6.31.1
    # via google-api-core
    # via google-cloud-aiplatform
    # via google-cloud-resource-manager
    # via googleapis-common-protos
    # via grpc-google-iam-v1
    # via grpcio-status
    # via modal
    # via proto-plus
psutil==6.0.0
    # via eve
py-cord==2.6.1
    # via eve
py-expression-eval==0.3.14
    # via eve
pyarrow==21.0.0
    # via pylance
pyasn1==0.6.1
    # via pyasn1-modules
    # via rsa
pyasn1-modules==0.4.2
    # via google-auth
pycparser==2.22
    # via cffi
pycryptodome==3.23.0
    # via eth-hash
    # via eth-keyfile
pydantic==2.11.7
    # via anthropic
    # via aws-sam-translator
    # via beanie
    # via clerk-backend-api
    # via elevenlabs
    # via eth-account
    # via eth-utils
    # via eve
    # via farcaster
    # via fastapi
    # via google-cloud-aiplatform
    # via google-genai
    # via graphiti-core
    # via instructor
    # via langchain-aws
    # via langchain-core
    # via langfuse
    # via langsmith
    # via lazy-model
    # via litellm
    # via mcp
    # via openai
    # via pydantic-settings
    # via replicate
    # via runway
    # via runwayml
    # via web3
pydantic-core==2.33.2
    # via elevenlabs
    # via instructor
    # via pydantic
pydantic-settings==2.10.1
    # via mcp
pydub==0.25.1
    # via eve
pyee==12.1.1
    # via ably
pygments==2.19.2
    # via mkdocs-material
    # via pytest
    # via rich
pyhcl==0.4.5
    # via runway
pyhumps==3.8.0
    # via farcaster
pyjwt==2.10.1
    # via clerk-backend-api
    # via eve
    # via redis
pylance==0.31.1
pymdown-extensions==10.16.1
    # via mkdocs-material
pymongo==4.15.1
    # via eve
    # via motor
pyopenssl==25.1.0
    # via runway
pyparsing==3.2.3
    # via eve
    # via httplib2
pypdfium2==4.30.0
    # via pdfplumber
pyright==1.1.407
pytest==8.4.1
    # via pytest-asyncio
pytest-asyncio==1.1.0
python-dateutil==2.9.0.post0
    # via botocore
    # via falkordb
    # via ghp-import
    # via google-cloud-bigquery
    # via opensearch-py
    # via posthog
python-dotenv==1.0.1
    # via eve
    # via farcaster
    # via graphiti-core
    # via litellm
    # via moviepy
    # via pydantic-settings
python-hcl2==7.3.1
    # via runway
python-magic==0.4.27
    # via eve
python-multipart==0.0.20
    # via mcp
python-telegram-bot==22.3
    # via eve
pytz==2025.2
    # via eve
    # via neo4j
pyunormalize==16.0.0
    # via web3
pyyaml==6.0.2
    # via cfn-flip
    # via cfn-lint
    # via eve
    # via huggingface-hub
    # via langchain-core
    # via mkdocs
    # via mkdocs-get-deps
    # via pre-commit
    # via pymdown-extensions
    # via pyyaml-env-tag
    # via runway
    # via transformers
    # via yamllint
pyyaml-env-tag==1.1
    # via mkdocs
redis==5.3.1
    # via falkordb
referencing==0.36.2
    # via jsonschema
    # via jsonschema-specifications
regex==2024.11.6
    # via cfn-lint
    # via parsimonious
    # via python-hcl2
    # via tiktoken
    # via transformers
replicate==1.0.7
    # via eve
requests==2.32.4
    # via docker
    # via elevenlabs
    # via eve
    # via farcaster
    # via google-api-core
    # via google-cloud-bigquery
    # via google-cloud-storage
    # via google-genai
    # via huggingface-hub
    # via instructor
    # via langfuse
    # via langsmith
    # via mkdocs-material
    # via opensearch-py
    # via posthog
    # via requests-oauthlib
    # via requests-toolbelt
    # via runway
    # via tiktoken
    # via transformers
    # via tweepy
    # via web3
requests-oauthlib==2.0.0
    # via eve
    # via google-auth-oauthlib
    # via tweepy
requests-toolbelt==1.0.0
    # via langsmith
rich==14.0.0
    # via instructor
    # via modal
    # via typer
rlp==4.1.0
    # via eth-account
    # via eth-rlp
rpds-py==0.26.0
    # via jsonschema
    # via referencing
rsa==4.9.1
    # via google-auth
ruff==0.12.4
runway==2.8.4
    # via eve
runwayml==3.11.0
    # via eve
s3transfer==0.14.0
    # via boto3
safetensors==0.5.3
    # via eve
    # via transformers
sentry-sdk==2.41.0
    # via eve
setuptools==80.9.0
    # via torch
shapely==2.1.1
    # via google-cloud-aiplatform
shellingham==1.5.4
    # via typer
sigtools==4.0.1
    # via synchronicity
six==1.17.0
    # via cfn-flip
    # via posthog
    # via python-dateutil
smmap==5.0.2
    # via gitdb
sniffio==1.3.1
    # via anthropic
    # via anyio
    # via openai
    # via runwayml
sse-starlette==3.0.2
    # via mcp
starlette==0.47.2
    # via eve
    # via fastapi
    # via mcp
sympy==1.14.0
    # via cfn-lint
    # via torch
synchronicity==0.10.1
    # via modal
tenacity==9.1.2
    # via eve
    # via google-genai
    # via graphiti-core
    # via instructor
    # via langchain-core
tiktoken==0.9.0
    # via litellm
tokenizers==0.22.1
    # via litellm
    # via transformers
toml==0.10.2
    # via beanie
    # via modal
tomli==2.2.1
    # via runway
toolz==1.0.0
    # via cytoolz
torch==2.7.0
    # via eve
tqdm==4.67.1
    # via eve
    # via huggingface-hub
    # via openai
    # via proglog
    # via transformers
transformers==4.56.2
    # via eve
troposphere==4.9.4
    # via runway
tweepy==4.16.0
    # via eve
typer==0.16.0
    # via instructor
    # via modal
types-certifi==2021.10.8.3
    # via modal
types-requests==2.32.4.20250611
    # via web3
types-toml==0.10.8.20240310
    # via modal
typing-extensions==4.14.1
    # via aiosignal
    # via anthropic
    # via anyio
    # via aws-sam-translator
    # via cfn-lint
    # via elevenlabs
    # via eth-typing
    # via fastapi
    # via google-cloud-aiplatform
    # via google-genai
    # via huggingface-hub
    # via langchain-core
    # via modal
    # via openai
    # via posthog
    # via pydantic
    # via pydantic-core
    # via pyee
    # via pyopenssl
    # via pyright
    # via referencing
    # via replicate
    # via runway
    # via runwayml
    # via starlette
    # via synchronicity
    # via torch
    # via typer
    # via typing-inspection
    # via web3
typing-inspection==0.4.1
    # via pydantic
    # via pydantic-settings
tzlocal==5.3.1
    # via apscheduler
uritemplate==4.2.0
    # via google-api-python-client
urllib3==2.5.0
    # via botocore
    # via docker
    # via opensearch-py
    # via requests
    # via sentry-sdk
    # via types-requests
uvicorn==0.35.0
    # via mcp
virtualenv==20.32.0
    # via pre-commit
watchdog==6.0.0
    # via mkdocs
watchfiles==1.1.0
    # via modal
wcmatch==10.1
    # via igittigitt
web3==7.6.0
    # via eve
websockets==13.1
    # via ably
    # via elevenlabs
    # via google-genai
    # via web3
wrapt==1.17.2
    # via langfuse
yamllint==1.37.1
    # via runway
yarl==1.20.1
    # via aiohttp
zipp==3.23.0
    # via importlib-metadata
zstandard==0.25.0
    # via langsmith
